// !$*UTF8*$!
{
	archiveVersion = 1;
	classes = {
	};
	objectVersion = 46;
	objects = {

/* Begin PBXBuildFile section */
		ADFEC6801CFF8E65008F5B87 /* AppDelegate.swift in Sources */ = {isa = PBXBuildFile; fileRef = ADFEC67F1CFF8E65008F5B87 /* AppDelegate.swift */; };
		ADFEC6821CFF8E65008F5B87 /* ViewController.swift in Sources */ = {isa = PBXBuildFile; fileRef = ADFEC6811CFF8E65008F5B87 /* ViewController.swift */; };
		ADFEC6851CFF8E65008F5B87 /* Main.storyboard in Resources */ = {isa = PBXBuildFile; fileRef = ADFEC6831CFF8E65008F5B87 /* Main.storyboard */; };
		ADFEC6871CFF8E65008F5B87 /* Assets.xcassets in Resources */ = {isa = PBXBuildFile; fileRef = ADFEC6861CFF8E65008F5B87 /* Assets.xcassets */; };
		ADFEC68A1CFF8E65008F5B87 /* LaunchScreen.storyboard in Resources */ = {isa = PBXBuildFile; fileRef = ADFEC6881CFF8E65008F5B87 /* LaunchScreen.storyboard */; };
		ADFEC6941CFF8E8E008F5B87 /* penguin.png in Resources */ = {isa = PBXBuildFile; fileRef = ADFEC6921CFF8E8E008F5B87 /* penguin.png */; };
		ADFEC6951CFF8E8E008F5B87 /* penguin@2x.png in Resources */ = {isa = PBXBuildFile; fileRef = ADFEC6931CFF8E8E008F5B87 /* penguin@2x.png */; };
		ADFEC6971CFF932F008F5B87 /* rainbow.jpg in Resources */ = {isa = PBXBuildFile; fileRef = ADFEC6961CFF932F008F5B87 /* rainbow.jpg */; };
/* End PBXBuildFile section */

/* Begin PBXFileReference section */
		ADFEC67C1CFF8E65008F5B87 /* HWS-15.app */ = {isa = PBXFileReference; explicitFileType = wrapper.application; includeInIndex = 0; path = "HWS-15.app"; sourceTree = BUILT_PRODUCTS_DIR; };
		ADFEC67F1CFF8E65008F5B87 /* AppDelegate.swift */ = {isa = PBXFileReference; lastKnownFileType = sourcecode.swift; path = AppDelegate.swift; sourceTree = "<group>"; };
		ADFEC6811CFF8E65008F5B87 /* ViewController.swift */ = {isa = PBXFileReference; lastKnownFileType = sourcecode.swift; path = ViewController.swift; sourceTree = "<group>"; };
		ADFEC6841CFF8E65008F5B87 /* Base */ = {isa = PBXFileReference; lastKnownFileType = file.storyboard; name = Base; path = Base.lproj/Main.storyboard; sourceTree = "<group>"; };
		ADFEC6861CFF8E65008F5B87 /* Assets.xcassets */ = {isa = PBXFileReference; lastKnownFileType = folder.assetcatalog; path = Assets.xcassets; sourceTree = "<group>"; };
		ADFEC6891CFF8E65008F5B87 /* Base */ = {isa = PBXFileReference; lastKnownFileType = file.storyboard; name = Base; path = Base.lproj/LaunchScreen.storyboard; sourceTree = "<group>"; };
		ADFEC68B1CFF8E65008F5B87 /* Info.plist */ = {isa = PBXFileReference; lastKnownFileType = text.plist.xml; path = Info.plist; sourceTree = "<group>"; };
		ADFEC6921CFF8E8E008F5B87 /* penguin.png */ = {isa = PBXFileReference; lastKnownFileType = image.png; path = penguin.png; sourceTree = "<group>"; };
		ADFEC6931CFF8E8E008F5B87 /* penguin@2x.png */ = {isa = PBXFileReference; lastKnownFileType = image.png; path = "penguin@2x.png"; sourceTree = "<group>"; };
		ADFEC6961CFF932F008F5B87 /* rainbow.jpg */ = {isa = PBXFileReference; lastKnownFileType = image.jpeg; path = rainbow.jpg; sourceTree = "<group>"; };
/* End PBXFileReference section */

/* Begin PBXFrameworksBuildPhase section */
		ADFEC6791CFF8E65008F5B87 /* Frameworks */ = {
			isa = PBXFrameworksBuildPhase;
			buildActionMask = 2147483647;
			files = (
			);
			runOnlyForDeploymentPostprocessing = 0;
		};
/* End PBXFrameworksBuildPhase section */

/* Begin PBXGroup section */
		ADFEC6731CFF8E65008F5B87 = {
			isa = PBXGroup;
			children = (
				ADFEC67E1CFF8E65008F5B87 /* HWS-15 */,
				ADFEC67D1CFF8E65008F5B87 /* Products */,
			);
			sourceTree = "<group>";
		};
		ADFEC67D1CFF8E65008F5B87 /* Products */ = {
			isa = PBXGroup;
			children = (
				ADFEC67C1CFF8E65008F5B87 /* HWS-15.app */,
			);
			name = Products;
			sourceTree = "<group>";
		};
		ADFEC67E1CFF8E65008F5B87 /* HWS-15 */ = {
			isa = PBXGroup;
			children = (
				ADFEC67F1CFF8E65008F5B87 /* AppDelegate.swift */,
				ADFEC6811CFF8E65008F5B87 /* ViewController.swift */,
				ADFEC6831CFF8E65008F5B87 /* Main.storyboard */,
				ADFEC6861CFF8E65008F5B87 /* Assets.xcassets */,
				ADFEC6881CFF8E65008F5B87 /* LaunchScreen.storyboard */,
				ADFEC68B1CFF8E65008F5B87 /* Info.plist */,
				ADFEC6911CFF8E8E008F5B87 /* Content */,
			);
			path = "HWS-15";
			sourceTree = "<group>";
		};
		ADFEC6911CFF8E8E008F5B87 /* Content */ = {
			isa = PBXGroup;
			children = (
				ADFEC6961CFF932F008F5B87 /* rainbow.jpg */,
				ADFEC6921CFF8E8E008F5B87 /* penguin.png */,
				ADFEC6931CFF8E8E008F5B87 /* penguin@2x.png */,
			);
			path = Content;
			sourceTree = "<group>";
		};
/* End PBXGroup section */

/* Begin PBXNativeTarget section */
		ADFEC67B1CFF8E65008F5B87 /* HWS-15 */ = {
			isa = PBXNativeTarget;
			buildConfigurationList = ADFEC68E1CFF8E65008F5B87 /* Build configuration list for PBXNativeTarget "HWS-15" */;
			buildPhases = (
				ADFEC6781CFF8E65008F5B87 /* Sources */,
				ADFEC6791CFF8E65008F5B87 /* Frameworks */,
				ADFEC67A1CFF8E65008F5B87 /* Resources */,
			);
			buildRules = (
			);
			dependencies = (
			);
			name = "HWS-15";
			productName = "HWS-15";
			productReference = ADFEC67C1CFF8E65008F5B87 /* HWS-15.app */;
			productType = "com.apple.product-type.application";
		};
/* End PBXNativeTarget section */

/* Begin PBXProject section */
		ADFEC6741CFF8E65008F5B87 /* Project object */ = {
			isa = PBXProject;
			attributes = {
				LastSwiftUpdateCheck = 0730;
				LastUpgradeCheck = 0730;
				ORGANIZATIONNAME = "Szymon Blaszczynski";
				TargetAttributes = {
					ADFEC67B1CFF8E65008F5B87 = {
						CreatedOnToolsVersion = 7.3.1;
					};
				};
			};
			buildConfigurationList = ADFEC6771CFF8E65008F5B87 /* Build configuration list for PBXProject "HWS-15" */;
			compatibilityVersion = "Xcode 3.2";
			developmentRegion = English;
			hasScannedForEncodings = 0;
			knownRegions = (
				en,
				Base,
			);
			mainGroup = ADFEC6731CFF8E65008F5B87;
			productRefGroup = ADFEC67D1CFF8E65008F5B87 /* Products */;
			projectDirPath = "";
			projectRoot = "";
			targets = (
				ADFEC67B1CFF8E65008F5B87 /* HWS-15 */,
			);
		};
/* End PBXProject section */

/* Begin PBXResourcesBuildPhase section */
		ADFEC67A1CFF8E65008F5B87 /* Resources */ = {
			isa = PBXResourcesBuildPhase;
			buildActionMask = 2147483647;
			files = (
				ADFEC6941CFF8E8E008F5B87 /* penguin.png in Resources */,
				ADFEC68A1CFF8E65008F5B87 /* LaunchScreen.storyboard in Resources */,
				ADFEC6871CFF8E65008F5B87 /* Assets.xcassets in Resources */,
				ADFEC6851CFF8E65008F5B87 /* Main.storyboard in Resources */,
				ADFEC6971CFF932F008F5B87 /* rainbow.jpg in Resources */,
				ADFEC6951CFF8E8E008F5B87 /* penguin@2x.png in Resources */,
			);
			runOnlyForDeploymentPostprocessing = 0;
		};
/* End PBXResourcesBuildPhase section */

/* Begin PBXSourcesBuildPhase section */
		ADFEC6781CFF8E65008F5B87 /* Sources */ = {
			isa = PBXSourcesBuildPhase;
			buildActionMask = 2147483647;
			files = (
				ADFEC6821CFF8E65008F5B87 /* ViewController.swift in Sources */,
				ADFEC6801CFF8E65008F5B87 /* AppDelegate.swift in Sources */,
			);
			runOnlyForDeploymentPostprocessing = 0;
		};
/* End PBXSourcesBuildPhase section */

/* Begin PBXVariantGroup section */
		ADFEC6831CFF8E65008F5B87 /* Main.storyboard */ = {
			isa = PBXVariantGroup;
			children = (
				ADFEC6841CFF8E65008F5B87 /* Base */,
			);
			name = Main.storyboard;
			sourceTree = "<group>";
		};
		ADFEC6881CFF8E65008F5B87 /* LaunchScreen.storyboard */ = {
			isa = PBXVariantGroup;
			children = (
				ADFEC6891CFF8E65008F5B87 /* Base */,
			);
			name = LaunchScreen.storyboard;
			sourceTree = "<group>";
		};
/* End PBXVariantGroup section */

/* Begin XCBuildConfiguration section */
		ADFEC68C1CFF8E65008F5B87 /* Debug */ = {
			isa = XCBuildConfiguration;
			buildSettings = {
				ALWAYS_SEARCH_USER_PATHS = NO;
				CLANG_ANALYZER_NONNULL = YES;
				CLANG_CXX_LANGUAGE_STANDARD = "gnu++0x";
				CLANG_CXX_LIBRARY = "libc++";
				CLANG_ENABLE_MODULES = YES;
				CLANG_ENABLE_OBJC_ARC = YES;
				CLANG_WARN_BOOL_CONVERSION = YES;
				CLANG_WARN_CONSTANT_CONVERSION = YES;
				CLANG_WARN_DIRECT_OBJC_ISA_USAGE = YES_ERROR;
				CLANG_WARN_EMPTY_BODY = YES;
				CLANG_WARN_ENUM_CONVERSION = YES;
				CLANG_WARN_INT_CONVERSION = YES;
				CLANG_WARN_OBJC_ROOT_CLASS = YES_ERROR;
				CLANG_WARN_UNREACHABLE_CODE = YES;
				CLANG_WARN__DUPLICATE_METHOD_MATCH = YES;
				"CODE_SIGN_IDENTITY[sdk=iphoneos*]" = "iPhone Developer";
				COPY_PHASE_STRIP = NO;
				DEBUG_INFORMATION_FORMAT = dwarf;
				ENABLE_STRICT_OBJC_MSGSEND = YES;
				ENABLE_TESTABILITY = YES;
				GCC_C_LANGUAGE_STANDARD = gnu99;
				GCC_DYNAMIC_NO_PIC = NO;
				GCC_NO_COMMON_BLOCKS = YES;
				GCC_OPTIMIZATION_LEVEL = 0;
				GCC_PREPROCESSOR_DEFINITIONS = (
					"DEBUG=1",
					"$(inherited)",
				);
				GCC_WARN_64_TO_32_BIT_CONVERSION = YES;
				GCC_WARN_ABOUT_RETURN_TYPE = YES_ERROR;
				GCC_WARN_UNDECLARED_SELECTOR = YES;
				GCC_WARN_UNINITIALIZED_AUTOS = YES_AGGRESSIVE;
				GCC_WARN_UNUSED_FUNCTION = YES;
				GCC_WARN_UNUSED_VARIABLE = YES;
				IPHONEOS_DEPLOYMENT_TARGET = 9.3;
				MTL_ENABLE_DEBUG_INFO = YES;
				ONLY_ACTIVE_ARCH = YES;
				SDKROOT = iphoneos;
				SWIFT_OPTIMIZATION_LEVEL = "-Onone";
				TARGETED_DEVICE_FAMILY = 2;
			};
			name = Debug;
		};
		ADFEC68D1CFF8E65008F5B87 /* Release */ = {
			isa = XCBuildConfiguration;
			buildSettings = {
				ALWAYS_SEARCH_USER_PATHS = NO;
				CLANG_ANALYZER_NONNULL = YES;
				CLANG_CXX_LANGUAGE_STANDARD = "gnu++0x";
				CLANG_CXX_LIBRARY = "libc++";
				CLANG_ENABLE_MODULES = YES;
				CLANG_ENABLE_OBJC_ARC = YES;
				CLANG_WARN_BOOL_CONVERSION = YES;
				CLANG_WARN_CONSTANT_CONVERSION = YES;
				CLANG_WARN_DIRECT_OBJC_ISA_USAGE = YES_ERROR;
				CLANG_WARN_EMPTY_BODY = YES;
				CLANG_WARN_ENUM_CONVERSION = YES;
				CLANG_WARN_INT_CONVERSION = YES;
				CLANG_WARN_OBJC_ROOT_CLASS = YES_ERROR;
				CLANG_WARN_UNREACHABLE_CODE = YES;
				CLANG_WARN__DUPLICATE_METHOD_MATCH = YES;
				"CODE_SIGN_IDENTITY[sdk=iphoneos*]" = "iPhone Developer";
				COPY_PHASE_STRIP = NO;
				DEBUG_INFORMATION_FORMAT = "dwarf-with-dsym";
				ENABLE_NS_ASSERTIONS = NO;
				ENABLE_STRICT_OBJC_MSGSEND = YES;
				GCC_C_LANGUAGE_STANDARD = gnu99;
				GCC_NO_COMMON_BLOCKS = YES;
				GCC_WARN_64_TO_32_BIT_CONVERSION = YES;
				GCC_WARN_ABOUT_RETURN_TYPE = YES_ERROR;
				GCC_WARN_UNDECLARED_SELECTOR = YES;
				GCC_WARN_UNINITIALIZED_AUTOS = YES_AGGRESSIVE;
				GCC_WARN_UNUSED_FUNCTION = YES;
				GCC_WARN_UNUSED_VARIABLE = YES;
				IPHONEOS_DEPLOYMENT_TARGET = 9.3;
				MTL_ENABLE_DEBUG_INFO = NO;
				SDKROOT = iphoneos;
				TARGETED_DEVICE_FAMILY = 2;
				VALIDATE_PRODUCT = YES;
			};
			name = Release;
		};
		ADFEC68F1CFF8E65008F5B87 /* Debug */ = {
			isa = XCBuildConfiguration;
			buildSettings = {
				ASSETCATALOG_COMPILER_APPICON_NAME = AppIcon;
				INFOPLIST_FILE = "HWS-15/Info.plist";
				LD_RUNPATH_SEARCH_PATHS = "$(inherited) @executable_path/Frameworks";
				PRODUCT_BUNDLE_IDENTIFIER = "com.museyoucoulduse.HWS-15";
				PRODUCT_NAME = "$(TARGET_NAME)";
			};
			name = Debug;
		};
		ADFEC6901CFF8E65008F5B87 /* Release */ = {
			isa = XCBuildConfiguration;
			buildSettings = {
				ASSETCATALOG_COMPILER_APPICON_NAME = AppIcon;
				INFOPLIST_FILE = "HWS-15/Info.plist";
				LD_RUNPATH_SEARCH_PATHS = "$(inherited) @executable_path/Frameworks";
				PRODUCT_BUNDLE_IDENTIFIER = "com.museyoucoulduse.HWS-15";
				PRODUCT_NAME = "$(TARGET_NAME)";
			};
			name = Release;
		};
/* End XCBuildConfiguration section */

/* Begin XCConfigurationList section */
		ADFEC6771CFF8E65008F5B87 /* Build configuration list for PBXProject "HWS-15" */ = {
			isa = XCConfigurationList;
			buildConfigurations = (
				ADFEC68C1CFF8E65008F5B87 /* Debug */,
				ADFEC68D1CFF8E65008F5B87 /* Release */,
			);
			defaultConfigurationIsVisible = 0;
			defaultConfigurationName = Release;
		};
		ADFEC68E1CFF8E65008F5B87 /* Build configuration list for PBXNativeTarget "HWS-15" */ = {
			isa = XCConfigurationList;
			buildConfigurations = (
				ADFEC68F1CFF8E65008F5B87 /* Debug */,
				ADFEC6901CFF8E65008F5B87 /* Release */,
			);
			defaultConfigurationIsVisible = 0;
		};
/* End XCConfigurationList section */
	};
	rootObject = ADFEC6741CFF8E65008F5B87 /* Project object */;
}
